{
  "name": "@sidrelabs/trelliscope",
  "version": "0.1.0",
  "lockfileVersion": 3,
  "requires": true,
  "packages": {
    "": {
      "name": "@sidrelabs/trelliscope",
      "version": "0.1.0",
      "license": "Apache-2.0",
      "dependencies": {
        "@sidrelabs/trellis-core": "file:../trellis/packages/core"
      },
      "bin": {
        "trelliscope": "bin/trelliscope.js"
      },
      "engines": {
        "node": ">=18"
      }
    },
    "../trellis/packages/core": {
      "name": "@sidrelabs/trellis-core",
      "version": "0.2.0",
      "license": "Apache-2.0",
      "dependencies": {
        "yaml": "^2.5.0"
      },
      "engines": {
        "node": ">=18"
      }
    },
    "node_modules/@sidrelabs/trellis-core": {
      "resolved": "../trellis/packages/core",
      "link": true
    }
  }
}
